uuid: 92d74d6c-cdf0-41d6-b002-49eb844ba231
langcode: en
status: true
dependencies:
  content:
    - 'block_content:basic:c65ffaf7-48f8-47d5-8901-89cb572ead30'
  module:
    - block_content
  theme:
    - bartik
id: demoblock
theme: bartik
region: header
weight: 0
provider: null
plugin: 'block_content:c65ffaf7-48f8-47d5-8901-89cb572ead30'
settings:
  id: 'block_content:c65ffaf7-48f8-47d5-8901-89cb572ead30'
  label: 'demo block'
  label_display: visible
  provider: block_content
  status: true
  info: ''
  view_mode: full
visibility: {  }
